
Microsoft Visual Studio Solution File, Format Version 12.00
# Visual Studio Version 16
VisualStudioVersion = 16.0.32002.261
MinimumVisualStudioVersion = 10.0.40219.1
Project("{FAE04EC0-301F-11D3-BF4B-00C04F79EFBC}") = "Demo.Api", "Demo.Api\Demo.Api.csproj", "{1255AAD1-8D9D-4897-B9FF-1F157F7854A5}"
EndProject
Project("{FAE04EC0-301F-11D3-BF4B-00C04F79EFBC}") = "Demo.Web", "Demo.Web\Demo.Web.csproj", "{6B88DBBF-0362-468A-A723-7D51E6FD158D}"
EndProject
Global
	GlobalSection(SolutionConfigurationPlatforms) = preSolution
		Debug|Any CPU = Debug|Any CPU
		Release|Any CPU = Release|Any CPU
	EndGlobalSection
	GlobalSection(ProjectConfigurationPlatforms) = postSolution
		{1255AAD1-8D9D-4897-B9FF-1F157F7854A5}.Debug|Any CPU.ActiveCfg = Debug|Any CPU
		{1255AAD1-8D9D-4897-B9FF-1F157F7854A5}.Debug|Any CPU.Build.0 = Debug|Any CPU
		{1255AAD1-8D9D-4897-B9FF-1F157F7854A5}.Release|Any CPU.ActiveCfg = Release|Any CPU
		{1255AAD1-8D9D-4897-B9FF-1F157F7854A5}.Release|Any CPU.Build.0 = Release|Any CPU
		{6B88DBBF-0362-468A-A723-7D51E6FD158D}.Debug|Any CPU.ActiveCfg = Debug|Any CPU
		{6B88DBBF-0362-468A-A723-7D51E6FD158D}.Debug|Any CPU.Build.0 = Debug|Any CPU
		{6B88DBBF-0362-468A-A723-7D51E6FD158D}.Release|Any CPU.ActiveCfg = Release|Any CPU
		{6B88DBBF-0362-468A-A723-7D51E6FD158D}.Release|Any CPU.Build.0 = Release|Any CPU
	EndGlobalSection
	GlobalSection(SolutionProperties) = preSolution
		HideSolutionNode = FALSE
	EndGlobalSection
	GlobalSection(ExtensibilityGlobals) = postSolution
		SolutionGuid = {317795BF-047C-4EF2-A768-717E097D390C}
	EndGlobalSection
EndGlobal
